// !$*UTF8*$!
{
	archiveVersion = 1;
	classes = {
	};
	objectVersion = 46;
	objects = {

/* Begin PBXBuildFile section */
		3F6C66AD1C94536E0032CC07 /* AppDelegate.swift in Sources */ = {isa = PBXBuildFile; fileRef = 3F6C66AC1C94536E0032CC07 /* AppDelegate.swift */; };
		3F6C66AF1C94536E0032CC07 /* ViewController.swift in Sources */ = {isa = PBXBuildFile; fileRef = 3F6C66AE1C94536E0032CC07 /* ViewController.swift */; };
		3F6C66B21C94536E0032CC07 /* Main.storyboard in Resources */ = {isa = PBXBuildFile; fileRef = 3F6C66B01C94536E0032CC07 /* Main.storyboard */; };
		3F6C66B41C94536E0032CC07 /* Assets.xcassets in Resources */ = {isa = PBXBuildFile; fileRef = 3F6C66B31C94536E0032CC07 /* Assets.xcassets */; };
		3F6C66B71C94536E0032CC07 /* LaunchScreen.storyboard in Resources */ = {isa = PBXBuildFile; fileRef = 3F6C66B51C94536E0032CC07 /* LaunchScreen.storyboard */; };
		3F6C66BF1C94537F0032CC07 /* MySingleton.swift in Sources */ = {isa = PBXBuildFile; fileRef = 3F6C66BE1C94537F0032CC07 /* MySingleton.swift */; };
/* End PBXBuildFile section */

/* Begin PBXFileReference section */
		3F6C66A91C94536E0032CC07 /* Singleton.app */ = {isa = PBXFileReference; explicitFileType = wrapper.application; includeInIndex = 0; path = Singleton.app; sourceTree = BUILT_PRODUCTS_DIR; };
		3F6C66AC1C94536E0032CC07 /* AppDelegate.swift */ = {isa = PBXFileReference; lastKnownFileType = sourcecode.swift; path = AppDelegate.swift; sourceTree = "<group>"; };
		3F6C66AE1C94536E0032CC07 /* ViewController.swift */ = {isa = PBXFileReference; lastKnownFileType = sourcecode.swift; path = ViewController.swift; sourceTree = "<group>"; };
		3F6C66B11C94536E0032CC07 /* Base */ = {isa = PBXFileReference; lastKnownFileType = file.storyboard; name = Base; path = Base.lproj/Main.storyboard; sourceTree = "<group>"; };
		3F6C66B31C94536E0032CC07 /* Assets.xcassets */ = {isa = PBXFileReference; lastKnownFileType = folder.assetcatalog; path = Assets.xcassets; sourceTree = "<group>"; };
		3F6C66B61C94536E0032CC07 /* Base */ = {isa = PBXFileReference; lastKnownFileType = file.storyboard; name = Base; path = Base.lproj/LaunchScreen.storyboard; sourceTree = "<group>"; };
		3F6C66B81C94536E0032CC07 /* Info.plist */ = {isa = PBXFileReference; lastKnownFileType = text.plist.xml; path = Info.plist; sourceTree = "<group>"; };
		3F6C66BE1C94537F0032CC07 /* MySingleton.swift */ = {isa = PBXFileReference; fileEncoding = 4; lastKnownFileType = sourcecode.swift; path = MySingleton.swift; sourceTree = "<group>"; };
/* End PBXFileReference section */

/* Begin PBXFrameworksBuildPhase section */
		3F6C66A61C94536E0032CC07 /* Frameworks */ = {
			isa = PBXFrameworksBuildPhase;
			buildActionMask = 2147483647;
			files = (
			);
			runOnlyForDeploymentPostprocessing = 0;
		};
/* End PBXFrameworksBuildPhase section */

/* Begin PBXGroup section */
		3F6C66A01C94536E0032CC07 = {
			isa = PBXGroup;
			children = (
				3F6C66AB1C94536E0032CC07 /* Singleton */,
				3F6C66AA1C94536E0032CC07 /* Products */,
			);
			sourceTree = "<group>";
		};
		3F6C66AA1C94536E0032CC07 /* Products */ = {
			isa = PBXGroup;
			children = (
				3F6C66A91C94536E0032CC07 /* Singleton.app */,
			);
			name = Products;
			sourceTree = "<group>";
		};
		3F6C66AB1C94536E0032CC07 /* Singleton */ = {
			isa = PBXGroup;
			children = (
				3F6C66AC1C94536E0032CC07 /* AppDelegate.swift */,
				3F6C66AE1C94536E0032CC07 /* ViewController.swift */,
				3F6C66B01C94536E0032CC07 /* Main.storyboard */,
				3F6C66B31C94536E0032CC07 /* Assets.xcassets */,
				3F6C66B51C94536E0032CC07 /* LaunchScreen.storyboard */,
				3F6C66B81C94536E0032CC07 /* Info.plist */,
				3F6C66BE1C94537F0032CC07 /* MySingleton.swift */,
			);
			path = Singleton;
			sourceTree = "<group>";
		};
/* End PBXGroup section */

/* Begin PBXNativeTarget section */
		3F6C66A81C94536E0032CC07 /* Singleton */ = {
			isa = PBXNativeTarget;
			buildConfigurationList = 3F6C66BB1C94536E0032CC07 /* Build configuration list for PBXNativeTarget "Singleton" */;
			buildPhases = (
				3F6C66A51C94536E0032CC07 /* Sources */,
				3F6C66A61C94536E0032CC07 /* Frameworks */,
				3F6C66A71C94536E0032CC07 /* Resources */,
			);
			buildRules = (
			);
			dependencies = (
			);
			name = Singleton;
			productName = Singleton;
			productReference = 3F6C66A91C94536E0032CC07 /* Singleton.app */;
			productType = "com.apple.product-type.application";
		};
/* End PBXNativeTarget section */

/* Begin PBXProject section */
		3F6C66A11C94536E0032CC07 /* Project object */ = {
			isa = PBXProject;
			attributes = {
				LastSwiftUpdateCheck = 0720;
				LastUpgradeCheck = 0720;
				ORGANIZATIONNAME = "funza Academy";
				TargetAttributes = {
					3F6C66A81C94536E0032CC07 = {
						CreatedOnToolsVersion = 7.2.1;
						DevelopmentTeam = D24DQB7U8E;
					};
				};
			};
			buildConfigurationList = 3F6C66A41C94536E0032CC07 /* Build configuration list for PBXProject "Singleton" */;
			compatibilityVersion = "Xcode 3.2";
			developmentRegion = English;
			hasScannedForEncodings = 0;
			knownRegions = (
				en,
				Base,
			);
			mainGroup = 3F6C66A01C94536E0032CC07;
			productRefGroup = 3F6C66AA1C94536E0032CC07 /* Products */;
			projectDirPath = "";
			projectRoot = "";
			targets = (
				3F6C66A81C94536E0032CC07 /* Singleton */,
			);
		};
/* End PBXProject section */

/* Begin PBXResourcesBuildPhase section */
		3F6C66A71C94536E0032CC07 /* Resources */ = {
			isa = PBXResourcesBuildPhase;
			buildActionMask = 2147483647;
			files = (
				3F6C66B71C94536E0032CC07 /* LaunchScreen.storyboard in Resources */,
				3F6C66B41C94536E0032CC07 /* Assets.xcassets in Resources */,
				3F6C66B21C94536E0032CC07 /* Main.storyboard in Resources */,
			);
			runOnlyForDeploymentPostprocessing = 0;
		};
/* End PBXResourcesBuildPhase section */

/* Begin PBXSourcesBuildPhase section */
		3F6C66A51C94536E0032CC07 /* Sources */ = {
			isa = PBXSourcesBuildPhase;
			buildActionMask = 2147483647;
			files = (
				3F6C66AF1C94536E0032CC07 /* ViewController.swift in Sources */,
				3F6C66BF1C94537F0032CC07 /* MySingleton.swift in Sources */,
				3F6C66AD1C94536E0032CC07 /* AppDelegate.swift in Sources */,
			);
			runOnlyForDeploymentPostprocessing = 0;
		};
/* End PBXSourcesBuildPhase section */

/* Begin PBXVariantGroup section */
		3F6C66B01C94536E0032CC07 /* Main.storyboard */ = {
			isa = PBXVariantGroup;
			children = (
				3F6C66B11C94536E0032CC07 /* Base */,
			);
			name = Main.storyboard;
			sourceTree = "<group>";
		};
		3F6C66B51C94536E0032CC07 /* LaunchScreen.storyboard */ = {
			isa = PBXVariantGroup;
			children = (
				3F6C66B61C94536E0032CC07 /* Base */,
			);
			name = LaunchScreen.storyboard;
			sourceTree = "<group>";
		};
/* End PBXVariantGroup section */

/* Begin XCBuildConfiguration section */
		3F6C66B91C94536E0032CC07 /* Debug */ = {
			isa = XCBuildConfiguration;
			buildSettings = {
				ALWAYS_SEARCH_USER_PATHS = NO;
				CLANG_CXX_LANGUAGE_STANDARD = "gnu++0x";
				CLANG_CXX_LIBRARY = "libc++";
				CLANG_ENABLE_MODULES = YES;
				CLANG_ENABLE_OBJC_ARC = YES;
				CLANG_WARN_BOOL_CONVERSION = YES;
				CLANG_WARN_CONSTANT_CONVERSION = YES;
				CLANG_WARN_DIRECT_OBJC_ISA_USAGE = YES_ERROR;
				CLANG_WARN_EMPTY_BODY = YES;
				CLANG_WARN_ENUM_CONVERSION = YES;
				CLANG_WARN_INT_CONVERSION = YES;
				CLANG_WARN_OBJC_ROOT_CLASS = YES_ERROR;
				CLANG_WARN_UNREACHABLE_CODE = YES;
				CLANG_WARN__DUPLICATE_METHOD_MATCH = YES;
				"CODE_SIGN_IDENTITY[sdk=iphoneos*]" = "iPhone Developer";
				COPY_PHASE_STRIP = NO;
				DEBUG_INFORMATION_FORMAT = dwarf;
				ENABLE_STRICT_OBJC_MSGSEND = YES;
				ENABLE_TESTABILITY = YES;
				GCC_C_LANGUAGE_STANDARD = gnu99;
				GCC_DYNAMIC_NO_PIC = NO;
				GCC_NO_COMMON_BLOCKS = YES;
				GCC_OPTIMIZATION_LEVEL = 0;
				GCC_PREPROCESSOR_DEFINITIONS = (
					"DEBUG=1",
					"$(inherited)",
				);
				GCC_WARN_64_TO_32_BIT_CONVERSION = YES;
				GCC_WARN_ABOUT_RETURN_TYPE = YES_ERROR;
				GCC_WARN_UNDECLARED_SELECTOR = YES;
				GCC_WARN_UNINITIALIZED_AUTOS = YES_AGGRESSIVE;
				GCC_WARN_UNUSED_FUNCTION = YES;
				GCC_WARN_UNUSED_VARIABLE = YES;
				IPHONEOS_DEPLOYMENT_TARGET = 9.2;
				MTL_ENABLE_DEBUG_INFO = YES;
				ONLY_ACTIVE_ARCH = YES;
				SDKROOT = iphoneos;
				SWIFT_OPTIMIZATION_LEVEL = "-Onone";
			};
			name = Debug;
		};
		3F6C66BA1C94536E0032CC07 /* Release */ = {
			isa = XCBuildConfiguration;
			buildSettings = {
				ALWAYS_SEARCH_USER_PATHS = NO;
				CLANG_CXX_LANGUAGE_STANDARD = "gnu++0x";
				CLANG_CXX_LIBRARY = "libc++";
				CLANG_ENABLE_MODULES = YES;
				CLANG_ENABLE_OBJC_ARC = YES;
				CLANG_WARN_BOOL_CONVERSION = YES;
				CLANG_WARN_CONSTANT_CONVERSION = YES;
				CLANG_WARN_DIRECT_OBJC_ISA_USAGE = YES_ERROR;
				CLANG_WARN_EMPTY_BODY = YES;
				CLANG_WARN_ENUM_CONVERSION = YES;
				CLANG_WARN_INT_CONVERSION = YES;
				CLANG_WARN_OBJC_ROOT_CLASS = YES_ERROR;
				CLANG_WARN_UNREACHABLE_CODE = YES;
				CLANG_WARN__DUPLICATE_METHOD_MATCH = YES;
				"CODE_SIGN_IDENTITY[sdk=iphoneos*]" = "iPhone Developer";
				COPY_PHASE_STRIP = NO;
				DEBUG_INFORMATION_FORMAT = "dwarf-with-dsym";
				ENABLE_NS_ASSERTIONS = NO;
				ENABLE_STRICT_OBJC_MSGSEND = YES;
				GCC_C_LANGUAGE_STANDARD = gnu99;
				GCC_NO_COMMON_BLOCKS = YES;
				GCC_WARN_64_TO_32_BIT_CONVERSION = YES;
				GCC_WARN_ABOUT_RETURN_TYPE = YES_ERROR;
				GCC_WARN_UNDECLARED_SELECTOR = YES;
				GCC_WARN_UNINITIALIZED_AUTOS = YES_AGGRESSIVE;
				GCC_WARN_UNUSED_FUNCTION = YES;
				GCC_WARN_UNUSED_VARIABLE = YES;
				IPHONEOS_DEPLOYMENT_TARGET = 9.2;
				MTL_ENABLE_DEBUG_INFO = NO;
				SDKROOT = iphoneos;
				VALIDATE_PRODUCT = YES;
			};
			name = Release;
		};
		3F6C66BC1C94536E0032CC07 /* Debug */ = {
			isa = XCBuildConfiguration;
			buildSettings = {
				ASSETCATALOG_COMPILER_APPICON_NAME = AppIcon;
				INFOPLIST_FILE = Singleton/Info.plist;
				LD_RUNPATH_SEARCH_PATHS = "$(inherited) @executable_path/Frameworks";
				PRODUCT_BUNDLE_IDENTIFIER = info.funza.Singleton;
				PRODUCT_NAME = "$(TARGET_NAME)";
			};
			name = Debug;
		};
		3F6C66BD1C94536E0032CC07 /* Release */ = {
			isa = XCBuildConfiguration;
			buildSettings = {
				ASSETCATALOG_COMPILER_APPICON_NAME = AppIcon;
				INFOPLIST_FILE = Singleton/Info.plist;
				LD_RUNPATH_SEARCH_PATHS = "$(inherited) @executable_path/Frameworks";
				PRODUCT_BUNDLE_IDENTIFIER = info.funza.Singleton;
				PRODUCT_NAME = "$(TARGET_NAME)";
			};
			name = Release;
		};
/* End XCBuildConfiguration section */

/* Begin XCConfigurationList section */
		3F6C66A41C94536E0032CC07 /* Build configuration list for PBXProject "Singleton" */ = {
			isa = XCConfigurationList;
			buildConfigurations = (
				3F6C66B91C94536E0032CC07 /* Debug */,
				3F6C66BA1C94536E0032CC07 /* Release */,
			);
			defaultConfigurationIsVisible = 0;
			defaultConfigurationName = Release;
		};
		3F6C66BB1C94536E0032CC07 /* Build configuration list for PBXNativeTarget "Singleton" */ = {
			isa = XCConfigurationList;
			buildConfigurations = (
				3F6C66BC1C94536E0032CC07 /* Debug */,
				3F6C66BD1C94536E0032CC07 /* Release */,
			);
			defaultConfigurationIsVisible = 0;
		};
/* End XCConfigurationList section */
	};
	rootObject = 3F6C66A11C94536E0032CC07 /* Project object */;
}
